// !$*UTF8*$!
{
	archiveVersion = 1;
	classes = {
	};
	objectVersion = 55;
	objects = {

/* Begin PBXBuildFile section */
		E56BE76428CD1F3F007FE14E /* SnapKit in Frameworks */ = {isa = PBXBuildFile; productRef = E56BE76328CD1F3F007FE14E /* SnapKit */; };
		E56BE76728CD1FA3007FE14E /* SwiftSoup in Frameworks */ = {isa = PBXBuildFile; productRef = E56BE76628CD1FA3007FE14E /* SwiftSoup */; };
		E56BE76A28CD208D007FE14E /* Promises in Frameworks */ = {isa = PBXBuildFile; productRef = E56BE76928CD208D007FE14E /* Promises */; };
		E56BE76D28CDEC9B007FE14E /* URLRequestBuilder in Frameworks */ = {isa = PBXBuildFile; productRef = E56BE76C28CDEC9B007FE14E /* URLRequestBuilder */; };
		E56BE77028CDEE74007FE14E /* RequestManager.swift in Sources */ = {isa = PBXBuildFile; fileRef = E56BE76F28CDEE74007FE14E /* RequestManager.swift */; };
		E56BE77228CDEEF6007FE14E /* RequestOperation.swift in Sources */ = {isa = PBXBuildFile; fileRef = E56BE77128CDEEF6007FE14E /* RequestOperation.swift */; };
		E56BE77528CE0A54007FE14E /* netfox in Frameworks */ = {isa = PBXBuildFile; productRef = E56BE77428CE0A54007FE14E /* netfox */; };
		E56BE77728CE582D007FE14E /* MainTimetablePresenter.swift in Sources */ = {isa = PBXBuildFile; fileRef = E56BE77628CE582D007FE14E /* MainTimetablePresenter.swift */; };
		E56BE77928CE58BB007FE14E /* MainTimetableModel.swift in Sources */ = {isa = PBXBuildFile; fileRef = E56BE77828CE58BB007FE14E /* MainTimetableModel.swift */; };
		E56BE77B28CF95BC007FE14E /* MainTimetableGateway.swift in Sources */ = {isa = PBXBuildFile; fileRef = E56BE77A28CF95BC007FE14E /* MainTimetableGateway.swift */; };
		E584200C28D38F7F00948B8F /* MainTimetableDisplayManager.swift in Sources */ = {isa = PBXBuildFile; fileRef = E584200B28D38F7F00948B8F /* MainTimetableDisplayManager.swift */; };
		E584200F28D3949700948B8F /* SuggestedGroupTableViewCell.swift in Sources */ = {isa = PBXBuildFile; fileRef = E584200E28D3949700948B8F /* SuggestedGroupTableViewCell.swift */; };
		E5E18D8C28CCF56C0057EB2C /* AppDelegate.swift in Sources */ = {isa = PBXBuildFile; fileRef = E5E18D8B28CCF56C0057EB2C /* AppDelegate.swift */; };
		E5E18D8E28CCF56C0057EB2C /* SceneDelegate.swift in Sources */ = {isa = PBXBuildFile; fileRef = E5E18D8D28CCF56C0057EB2C /* SceneDelegate.swift */; };
		E5E18D9028CCF56C0057EB2C /* MainViewController.swift in Sources */ = {isa = PBXBuildFile; fileRef = E5E18D8F28CCF56C0057EB2C /* MainViewController.swift */; };
		E5E18D9528CCF56D0057EB2C /* Assets.xcassets in Resources */ = {isa = PBXBuildFile; fileRef = E5E18D9428CCF56D0057EB2C /* Assets.xcassets */; };
		E5E18D9828CCF56D0057EB2C /* LaunchScreen.storyboard in Resources */ = {isa = PBXBuildFile; fileRef = E5E18D9628CCF56D0057EB2C /* LaunchScreen.storyboard */; };
		E5E18DAC28CCF7190057EB2C /* TabCoordinator.swift in Sources */ = {isa = PBXBuildFile; fileRef = E5E18DA928CCF7190057EB2C /* TabCoordinator.swift */; };
		E5E18DAD28CCF7190057EB2C /* AppCoordinator.swift in Sources */ = {isa = PBXBuildFile; fileRef = E5E18DAA28CCF7190057EB2C /* AppCoordinator.swift */; };
		E5E18DAE28CCF7190057EB2C /* Coordinator.swift in Sources */ = {isa = PBXBuildFile; fileRef = E5E18DAB28CCF7190057EB2C /* Coordinator.swift */; };
		E5E18DB028CCF7E90057EB2C /* TimetableCoordinator.swift in Sources */ = {isa = PBXBuildFile; fileRef = E5E18DAF28CCF7E90057EB2C /* TimetableCoordinator.swift */; };
		E5E18DB428CCF9BD0057EB2C /* MainTimetableViewController.swift in Sources */ = {isa = PBXBuildFile; fileRef = E5E18DB328CCF9BD0057EB2C /* MainTimetableViewController.swift */; };
/* End PBXBuildFile section */

/* Begin PBXFileReference section */
		E56BE76F28CDEE74007FE14E /* RequestManager.swift */ = {isa = PBXFileReference; lastKnownFileType = sourcecode.swift; path = RequestManager.swift; sourceTree = "<group>"; };
		E56BE77128CDEEF6007FE14E /* RequestOperation.swift */ = {isa = PBXFileReference; lastKnownFileType = sourcecode.swift; path = RequestOperation.swift; sourceTree = "<group>"; };
		E56BE77628CE582D007FE14E /* MainTimetablePresenter.swift */ = {isa = PBXFileReference; lastKnownFileType = sourcecode.swift; path = MainTimetablePresenter.swift; sourceTree = "<group>"; };
		E56BE77828CE58BB007FE14E /* MainTimetableModel.swift */ = {isa = PBXFileReference; lastKnownFileType = sourcecode.swift; path = MainTimetableModel.swift; sourceTree = "<group>"; };
		E56BE77A28CF95BC007FE14E /* MainTimetableGateway.swift */ = {isa = PBXFileReference; lastKnownFileType = sourcecode.swift; path = MainTimetableGateway.swift; sourceTree = "<group>"; };
		E584200B28D38F7F00948B8F /* MainTimetableDisplayManager.swift */ = {isa = PBXFileReference; lastKnownFileType = sourcecode.swift; path = MainTimetableDisplayManager.swift; sourceTree = "<group>"; };
		E584200E28D3949700948B8F /* SuggestedGroupTableViewCell.swift */ = {isa = PBXFileReference; lastKnownFileType = sourcecode.swift; path = SuggestedGroupTableViewCell.swift; sourceTree = "<group>"; };
		E5E18D8828CCF56C0057EB2C /* Timetable.app */ = {isa = PBXFileReference; explicitFileType = wrapper.application; includeInIndex = 0; path = Timetable.app; sourceTree = BUILT_PRODUCTS_DIR; };
		E5E18D8B28CCF56C0057EB2C /* AppDelegate.swift */ = {isa = PBXFileReference; lastKnownFileType = sourcecode.swift; path = AppDelegate.swift; sourceTree = "<group>"; };
		E5E18D8D28CCF56C0057EB2C /* SceneDelegate.swift */ = {isa = PBXFileReference; lastKnownFileType = sourcecode.swift; path = SceneDelegate.swift; sourceTree = "<group>"; };
		E5E18D8F28CCF56C0057EB2C /* MainViewController.swift */ = {isa = PBXFileReference; lastKnownFileType = sourcecode.swift; path = MainViewController.swift; sourceTree = "<group>"; };
		E5E18D9428CCF56D0057EB2C /* Assets.xcassets */ = {isa = PBXFileReference; lastKnownFileType = folder.assetcatalog; path = Assets.xcassets; sourceTree = "<group>"; };
		E5E18D9728CCF56D0057EB2C /* Base */ = {isa = PBXFileReference; lastKnownFileType = file.storyboard; name = Base; path = Base.lproj/LaunchScreen.storyboard; sourceTree = "<group>"; };
		E5E18D9928CCF56D0057EB2C /* Info.plist */ = {isa = PBXFileReference; lastKnownFileType = text.plist.xml; path = Info.plist; sourceTree = "<group>"; };
		E5E18DA928CCF7190057EB2C /* TabCoordinator.swift */ = {isa = PBXFileReference; fileEncoding = 4; lastKnownFileType = sourcecode.swift; path = TabCoordinator.swift; sourceTree = "<group>"; };
		E5E18DAA28CCF7190057EB2C /* AppCoordinator.swift */ = {isa = PBXFileReference; fileEncoding = 4; lastKnownFileType = sourcecode.swift; path = AppCoordinator.swift; sourceTree = "<group>"; };
		E5E18DAB28CCF7190057EB2C /* Coordinator.swift */ = {isa = PBXFileReference; fileEncoding = 4; lastKnownFileType = sourcecode.swift; path = Coordinator.swift; sourceTree = "<group>"; };
		E5E18DAF28CCF7E90057EB2C /* TimetableCoordinator.swift */ = {isa = PBXFileReference; lastKnownFileType = sourcecode.swift; path = TimetableCoordinator.swift; sourceTree = "<group>"; };
		E5E18DB328CCF9BD0057EB2C /* MainTimetableViewController.swift */ = {isa = PBXFileReference; lastKnownFileType = sourcecode.swift; path = MainTimetableViewController.swift; sourceTree = "<group>"; };
/* End PBXFileReference section */

/* Begin PBXFrameworksBuildPhase section */
		E5E18D8528CCF56C0057EB2C /* Frameworks */ = {
			isa = PBXFrameworksBuildPhase;
			buildActionMask = 2147483647;
			files = (
				E56BE77528CE0A54007FE14E /* netfox in Frameworks */,
				E56BE76D28CDEC9B007FE14E /* URLRequestBuilder in Frameworks */,
				E56BE76428CD1F3F007FE14E /* SnapKit in Frameworks */,
				E56BE76728CD1FA3007FE14E /* SwiftSoup in Frameworks */,
				E56BE76A28CD208D007FE14E /* Promises in Frameworks */,
			);
			runOnlyForDeploymentPostprocessing = 0;
		};
/* End PBXFrameworksBuildPhase section */

/* Begin PBXGroup section */
		E56BE76E28CDEE2C007FE14E /* Networking */ = {
			isa = PBXGroup;
			children = (
				E56BE76F28CDEE74007FE14E /* RequestManager.swift */,
				E56BE77128CDEEF6007FE14E /* RequestOperation.swift */,
			);
			path = Networking;
			sourceTree = "<group>";
		};
		E584200D28D3944800948B8F /* TableViewCells */ = {
			isa = PBXGroup;
			children = (
				E584200E28D3949700948B8F /* SuggestedGroupTableViewCell.swift */,
			);
			path = TableViewCells;
			sourceTree = "<group>";
		};
		E5E18D7F28CCF56C0057EB2C = {
			isa = PBXGroup;
			children = (
				E5E18D8A28CCF56C0057EB2C /* Timetable */,
				E5E18D8928CCF56C0057EB2C /* Products */,
			);
			sourceTree = "<group>";
		};
		E5E18D8928CCF56C0057EB2C /* Products */ = {
			isa = PBXGroup;
			children = (
				E5E18D8828CCF56C0057EB2C /* Timetable.app */,
			);
			name = Products;
			sourceTree = "<group>";
		};
		E5E18D8A28CCF56C0057EB2C /* Timetable */ = {
			isa = PBXGroup;
			children = (
				E56BE76E28CDEE2C007FE14E /* Networking */,
				E5E18DA828CCF6A30057EB2C /* Resources */,
				E5E18DA728CCF6810057EB2C /* Application */,
				E5E18DA528CCF6140057EB2C /* Coordinators */,
			);
			path = Timetable;
			sourceTree = "<group>";
		};
		E5E18DA528CCF6140057EB2C /* Coordinators */ = {
			isa = PBXGroup;
			children = (
				E5E18DAB28CCF7190057EB2C /* Coordinator.swift */,
				E5E18DAA28CCF7190057EB2C /* AppCoordinator.swift */,
				E5E18DA928CCF7190057EB2C /* TabCoordinator.swift */,
				E5E18DA628CCF6220057EB2C /* TabBarCoordinators */,
			);
			path = Coordinators;
			sourceTree = "<group>";
		};
		E5E18DA628CCF6220057EB2C /* TabBarCoordinators */ = {
			isa = PBXGroup;
			children = (
				E5E18DAF28CCF7E90057EB2C /* TimetableCoordinator.swift */,
			);
			path = TabBarCoordinators;
			sourceTree = "<group>";
		};
		E5E18DA728CCF6810057EB2C /* Application */ = {
			isa = PBXGroup;
			children = (
				E5E18D9628CCF56D0057EB2C /* LaunchScreen.storyboard */,
				E5E18D8B28CCF56C0057EB2C /* AppDelegate.swift */,
				E5E18D8D28CCF56C0057EB2C /* SceneDelegate.swift */,
				E584200D28D3944800948B8F /* TableViewCells */,
				E5E18DB128CCF9200057EB2C /* Modules */,
			);
			path = Application;
			sourceTree = "<group>";
		};
		E5E18DA828CCF6A30057EB2C /* Resources */ = {
			isa = PBXGroup;
			children = (
				E5E18D9428CCF56D0057EB2C /* Assets.xcassets */,
				E5E18D9928CCF56D0057EB2C /* Info.plist */,
			);
			path = Resources;
			sourceTree = "<group>";
		};
		E5E18DB128CCF9200057EB2C /* Modules */ = {
			isa = PBXGroup;
			children = (
				E5E18D8F28CCF56C0057EB2C /* MainViewController.swift */,
				E5E18DB228CCF9770057EB2C /* MainTimetableModule */,
			);
			path = Modules;
			sourceTree = "<group>";
		};
		E5E18DB228CCF9770057EB2C /* MainTimetableModule */ = {
			isa = PBXGroup;
			children = (
				E5E18DB328CCF9BD0057EB2C /* MainTimetableViewController.swift */,
				E56BE77628CE582D007FE14E /* MainTimetablePresenter.swift */,
				E56BE77828CE58BB007FE14E /* MainTimetableModel.swift */,
				E56BE77A28CF95BC007FE14E /* MainTimetableGateway.swift */,
				E584200B28D38F7F00948B8F /* MainTimetableDisplayManager.swift */,
			);
			path = MainTimetableModule;
			sourceTree = "<group>";
		};
/* End PBXGroup section */

/* Begin PBXNativeTarget section */
		E5E18D8728CCF56C0057EB2C /* Timetable */ = {
			isa = PBXNativeTarget;
			buildConfigurationList = E5E18D9C28CCF56D0057EB2C /* Build configuration list for PBXNativeTarget "Timetable" */;
			buildPhases = (
				E5E18D8428CCF56C0057EB2C /* Sources */,
				E5E18D8528CCF56C0057EB2C /* Frameworks */,
				E5E18D8628CCF56C0057EB2C /* Resources */,
			);
			buildRules = (
			);
			dependencies = (
			);
			name = Timetable;
			packageProductDependencies = (
				E56BE76328CD1F3F007FE14E /* SnapKit */,
				E56BE76628CD1FA3007FE14E /* SwiftSoup */,
				E56BE76928CD208D007FE14E /* Promises */,
				E56BE76C28CDEC9B007FE14E /* URLRequestBuilder */,
				E56BE77428CE0A54007FE14E /* netfox */,
			);
			productName = Timetable;
			productReference = E5E18D8828CCF56C0057EB2C /* Timetable.app */;
			productType = "com.apple.product-type.application";
		};
/* End PBXNativeTarget section */

/* Begin PBXProject section */
		E5E18D8028CCF56C0057EB2C /* Project object */ = {
			isa = PBXProject;
			attributes = {
				BuildIndependentTargetsInParallel = 1;
				LastSwiftUpdateCheck = 1340;
				LastUpgradeCheck = 1340;
				TargetAttributes = {
					E5E18D8728CCF56C0057EB2C = {
						CreatedOnToolsVersion = 13.4.1;
					};
				};
			};
			buildConfigurationList = E5E18D8328CCF56C0057EB2C /* Build configuration list for PBXProject "Timetable" */;
			compatibilityVersion = "Xcode 13.0";
			developmentRegion = en;
			hasScannedForEncodings = 0;
			knownRegions = (
				en,
				Base,
			);
			mainGroup = E5E18D7F28CCF56C0057EB2C;
			packageReferences = (
				E56BE76228CD1F3F007FE14E /* XCRemoteSwiftPackageReference "SnapKit" */,
				E56BE76528CD1FA3007FE14E /* XCRemoteSwiftPackageReference "SwiftSoup" */,
				E56BE76828CD208D007FE14E /* XCRemoteSwiftPackageReference "promises" */,
				E56BE76B28CDEC9B007FE14E /* XCRemoteSwiftPackageReference "URLRequestBuilder" */,
				E56BE77328CE0A54007FE14E /* XCRemoteSwiftPackageReference "netfox" */,
			);
			productRefGroup = E5E18D8928CCF56C0057EB2C /* Products */;
			projectDirPath = "";
			projectRoot = "";
			targets = (
				E5E18D8728CCF56C0057EB2C /* Timetable */,
			);
		};
/* End PBXProject section */

/* Begin PBXResourcesBuildPhase section */
		E5E18D8628CCF56C0057EB2C /* Resources */ = {
			isa = PBXResourcesBuildPhase;
			buildActionMask = 2147483647;
			files = (
				E5E18D9828CCF56D0057EB2C /* LaunchScreen.storyboard in Resources */,
				E5E18D9528CCF56D0057EB2C /* Assets.xcassets in Resources */,
			);
			runOnlyForDeploymentPostprocessing = 0;
		};
/* End PBXResourcesBuildPhase section */

/* Begin PBXSourcesBuildPhase section */
		E5E18D8428CCF56C0057EB2C /* Sources */ = {
			isa = PBXSourcesBuildPhase;
			buildActionMask = 2147483647;
			files = (
				E56BE77928CE58BB007FE14E /* MainTimetableModel.swift in Sources */,
				E5E18D9028CCF56C0057EB2C /* MainViewController.swift in Sources */,
				E5E18D8C28CCF56C0057EB2C /* AppDelegate.swift in Sources */,
				E584200C28D38F7F00948B8F /* MainTimetableDisplayManager.swift in Sources */,
				E56BE77728CE582D007FE14E /* MainTimetablePresenter.swift in Sources */,
				E584200F28D3949700948B8F /* SuggestedGroupTableViewCell.swift in Sources */,
				E5E18DAE28CCF7190057EB2C /* Coordinator.swift in Sources */,
				E5E18DAD28CCF7190057EB2C /* AppCoordinator.swift in Sources */,
				E5E18DB028CCF7E90057EB2C /* TimetableCoordinator.swift in Sources */,
				E5E18DB428CCF9BD0057EB2C /* MainTimetableViewController.swift in Sources */,
				E56BE77028CDEE74007FE14E /* RequestManager.swift in Sources */,
				E5E18DAC28CCF7190057EB2C /* TabCoordinator.swift in Sources */,
				E5E18D8E28CCF56C0057EB2C /* SceneDelegate.swift in Sources */,
				E56BE77228CDEEF6007FE14E /* RequestOperation.swift in Sources */,
				E56BE77B28CF95BC007FE14E /* MainTimetableGateway.swift in Sources */,
			);
			runOnlyForDeploymentPostprocessing = 0;
		};
/* End PBXSourcesBuildPhase section */

/* Begin PBXVariantGroup section */
		E5E18D9628CCF56D0057EB2C /* LaunchScreen.storyboard */ = {
			isa = PBXVariantGroup;
			children = (
				E5E18D9728CCF56D0057EB2C /* Base */,
			);
			name = LaunchScreen.storyboard;
			sourceTree = "<group>";
		};
/* End PBXVariantGroup section */

/* Begin XCBuildConfiguration section */
		E5E18D9A28CCF56D0057EB2C /* Debug */ = {
			isa = XCBuildConfiguration;
			buildSettings = {
				ALWAYS_SEARCH_USER_PATHS = NO;
				CLANG_ANALYZER_NONNULL = YES;
				CLANG_ANALYZER_NUMBER_OBJECT_CONVERSION = YES_AGGRESSIVE;
				CLANG_CXX_LANGUAGE_STANDARD = "gnu++17";
				CLANG_ENABLE_MODULES = YES;
				CLANG_ENABLE_OBJC_ARC = YES;
				CLANG_ENABLE_OBJC_WEAK = YES;
				CLANG_WARN_BLOCK_CAPTURE_AUTORELEASING = YES;
				CLANG_WARN_BOOL_CONVERSION = YES;
				CLANG_WARN_COMMA = YES;
				CLANG_WARN_CONSTANT_CONVERSION = YES;
				CLANG_WARN_DEPRECATED_OBJC_IMPLEMENTATIONS = YES;
				CLANG_WARN_DIRECT_OBJC_ISA_USAGE = YES_ERROR;
				CLANG_WARN_DOCUMENTATION_COMMENTS = YES;
				CLANG_WARN_EMPTY_BODY = YES;
				CLANG_WARN_ENUM_CONVERSION = YES;
				CLANG_WARN_INFINITE_RECURSION = YES;
				CLANG_WARN_INT_CONVERSION = YES;
				CLANG_WARN_NON_LITERAL_NULL_CONVERSION = YES;
				CLANG_WARN_OBJC_IMPLICIT_RETAIN_SELF = YES;
				CLANG_WARN_OBJC_LITERAL_CONVERSION = YES;
				CLANG_WARN_OBJC_ROOT_CLASS = YES_ERROR;
				CLANG_WARN_QUOTED_INCLUDE_IN_FRAMEWORK_HEADER = YES;
				CLANG_WARN_RANGE_LOOP_ANALYSIS = YES;
				CLANG_WARN_STRICT_PROTOTYPES = YES;
				CLANG_WARN_SUSPICIOUS_MOVE = YES;
				CLANG_WARN_UNGUARDED_AVAILABILITY = YES_AGGRESSIVE;
				CLANG_WARN_UNREACHABLE_CODE = YES;
				CLANG_WARN__DUPLICATE_METHOD_MATCH = YES;
				COPY_PHASE_STRIP = NO;
				DEBUG_INFORMATION_FORMAT = dwarf;
				ENABLE_STRICT_OBJC_MSGSEND = YES;
				ENABLE_TESTABILITY = YES;
				GCC_C_LANGUAGE_STANDARD = gnu11;
				GCC_DYNAMIC_NO_PIC = NO;
				GCC_NO_COMMON_BLOCKS = YES;
				GCC_OPTIMIZATION_LEVEL = 0;
				GCC_PREPROCESSOR_DEFINITIONS = (
					"DEBUG=1",
					"$(inherited)",
				);
				GCC_WARN_64_TO_32_BIT_CONVERSION = YES;
				GCC_WARN_ABOUT_RETURN_TYPE = YES_ERROR;
				GCC_WARN_UNDECLARED_SELECTOR = YES;
				GCC_WARN_UNINITIALIZED_AUTOS = YES_AGGRESSIVE;
				GCC_WARN_UNUSED_FUNCTION = YES;
				GCC_WARN_UNUSED_VARIABLE = YES;
				IPHONEOS_DEPLOYMENT_TARGET = 15.5;
				MTL_ENABLE_DEBUG_INFO = INCLUDE_SOURCE;
				MTL_FAST_MATH = YES;
				ONLY_ACTIVE_ARCH = YES;
				SDKROOT = iphoneos;
				SWIFT_ACTIVE_COMPILATION_CONDITIONS = DEBUG;
				SWIFT_OPTIMIZATION_LEVEL = "-Onone";
			};
			name = Debug;
		};
		E5E18D9B28CCF56D0057EB2C /* Release */ = {
			isa = XCBuildConfiguration;
			buildSettings = {
				ALWAYS_SEARCH_USER_PATHS = NO;
				CLANG_ANALYZER_NONNULL = YES;
				CLANG_ANALYZER_NUMBER_OBJECT_CONVERSION = YES_AGGRESSIVE;
				CLANG_CXX_LANGUAGE_STANDARD = "gnu++17";
				CLANG_ENABLE_MODULES = YES;
				CLANG_ENABLE_OBJC_ARC = YES;
				CLANG_ENABLE_OBJC_WEAK = YES;
				CLANG_WARN_BLOCK_CAPTURE_AUTORELEASING = YES;
				CLANG_WARN_BOOL_CONVERSION = YES;
				CLANG_WARN_COMMA = YES;
				CLANG_WARN_CONSTANT_CONVERSION = YES;
				CLANG_WARN_DEPRECATED_OBJC_IMPLEMENTATIONS = YES;
				CLANG_WARN_DIRECT_OBJC_ISA_USAGE = YES_ERROR;
				CLANG_WARN_DOCUMENTATION_COMMENTS = YES;
				CLANG_WARN_EMPTY_BODY = YES;
				CLANG_WARN_ENUM_CONVERSION = YES;
				CLANG_WARN_INFINITE_RECURSION = YES;
				CLANG_WARN_INT_CONVERSION = YES;
				CLANG_WARN_NON_LITERAL_NULL_CONVERSION = YES;
				CLANG_WARN_OBJC_IMPLICIT_RETAIN_SELF = YES;
				CLANG_WARN_OBJC_LITERAL_CONVERSION = YES;
				CLANG_WARN_OBJC_ROOT_CLASS = YES_ERROR;
				CLANG_WARN_QUOTED_INCLUDE_IN_FRAMEWORK_HEADER = YES;
				CLANG_WARN_RANGE_LOOP_ANALYSIS = YES;
				CLANG_WARN_STRICT_PROTOTYPES = YES;
				CLANG_WARN_SUSPICIOUS_MOVE = YES;
				CLANG_WARN_UNGUARDED_AVAILABILITY = YES_AGGRESSIVE;
				CLANG_WARN_UNREACHABLE_CODE = YES;
				CLANG_WARN__DUPLICATE_METHOD_MATCH = YES;
				COPY_PHASE_STRIP = NO;
				DEBUG_INFORMATION_FORMAT = "dwarf-with-dsym";
				ENABLE_NS_ASSERTIONS = NO;
				ENABLE_STRICT_OBJC_MSGSEND = YES;
				GCC_C_LANGUAGE_STANDARD = gnu11;
				GCC_NO_COMMON_BLOCKS = YES;
				GCC_WARN_64_TO_32_BIT_CONVERSION = YES;
				GCC_WARN_ABOUT_RETURN_TYPE = YES_ERROR;
				GCC_WARN_UNDECLARED_SELECTOR = YES;
				GCC_WARN_UNINITIALIZED_AUTOS = YES_AGGRESSIVE;
				GCC_WARN_UNUSED_FUNCTION = YES;
				GCC_WARN_UNUSED_VARIABLE = YES;
				IPHONEOS_DEPLOYMENT_TARGET = 15.5;
				MTL_ENABLE_DEBUG_INFO = NO;
				MTL_FAST_MATH = YES;
				SDKROOT = iphoneos;
				SWIFT_COMPILATION_MODE = wholemodule;
				SWIFT_OPTIMIZATION_LEVEL = "-O";
				VALIDATE_PRODUCT = YES;
			};
			name = Release;
		};
		E5E18D9D28CCF56D0057EB2C /* Debug */ = {
			isa = XCBuildConfiguration;
			buildSettings = {
				ASSETCATALOG_COMPILER_APPICON_NAME = AppIcon;
				ASSETCATALOG_COMPILER_GLOBAL_ACCENT_COLOR_NAME = AccentColor;
				CODE_SIGN_STYLE = Automatic;
				CURRENT_PROJECT_VERSION = 1;
				DEVELOPMENT_TEAM = 4CY9SN7B4A;
				GENERATE_INFOPLIST_FILE = YES;
				INFOPLIST_FILE = Timetable/Resources/Info.plist;
				INFOPLIST_KEY_UIApplicationSupportsIndirectInputEvents = YES;
				INFOPLIST_KEY_UILaunchStoryboardName = LaunchScreen;
				INFOPLIST_KEY_UISupportedInterfaceOrientations_iPad = "UIInterfaceOrientationPortrait UIInterfaceOrientationPortraitUpsideDown UIInterfaceOrientationLandscapeLeft UIInterfaceOrientationLandscapeRight";
				INFOPLIST_KEY_UISupportedInterfaceOrientations_iPhone = "UIInterfaceOrientationPortrait UIInterfaceOrientationLandscapeLeft UIInterfaceOrientationLandscapeRight";
				LD_RUNPATH_SEARCH_PATHS = (
					"$(inherited)",
					"@executable_path/Frameworks",
				);
				MARKETING_VERSION = 1.0;
				PRODUCT_BUNDLE_IDENTIFIER = pvGrab.Timetable;
				PRODUCT_NAME = "$(TARGET_NAME)";
				SWIFT_EMIT_LOC_STRINGS = YES;
				SWIFT_VERSION = 5.0;
				TARGETED_DEVICE_FAMILY = "1,2";
			};
			name = Debug;
		};
		E5E18D9E28CCF56D0057EB2C /* Release */ = {
			isa = XCBuildConfiguration;
			buildSettings = {
				ASSETCATALOG_COMPILER_APPICON_NAME = AppIcon;
				ASSETCATALOG_COMPILER_GLOBAL_ACCENT_COLOR_NAME = AccentColor;
				CODE_SIGN_STYLE = Automatic;
				CURRENT_PROJECT_VERSION = 1;
				DEVELOPMENT_TEAM = 4CY9SN7B4A;
				GENERATE_INFOPLIST_FILE = YES;
				INFOPLIST_FILE = Timetable/Resources/Info.plist;
				INFOPLIST_KEY_UIApplicationSupportsIndirectInputEvents = YES;
				INFOPLIST_KEY_UILaunchStoryboardName = LaunchScreen;
				INFOPLIST_KEY_UISupportedInterfaceOrientations_iPad = "UIInterfaceOrientationPortrait UIInterfaceOrientationPortraitUpsideDown UIInterfaceOrientationLandscapeLeft UIInterfaceOrientationLandscapeRight";
				INFOPLIST_KEY_UISupportedInterfaceOrientations_iPhone = "UIInterfaceOrientationPortrait UIInterfaceOrientationLandscapeLeft UIInterfaceOrientationLandscapeRight";
				LD_RUNPATH_SEARCH_PATHS = (
					"$(inherited)",
					"@executable_path/Frameworks",
				);
				MARKETING_VERSION = 1.0;
				PRODUCT_BUNDLE_IDENTIFIER = pvGrab.Timetable;
				PRODUCT_NAME = "$(TARGET_NAME)";
				SWIFT_EMIT_LOC_STRINGS = YES;
				SWIFT_VERSION = 5.0;
				TARGETED_DEVICE_FAMILY = "1,2";
			};
			name = Release;
		};
/* End XCBuildConfiguration section */

/* Begin XCConfigurationList section */
		E5E18D8328CCF56C0057EB2C /* Build configuration list for PBXProject "Timetable" */ = {
			isa = XCConfigurationList;
			buildConfigurations = (
				E5E18D9A28CCF56D0057EB2C /* Debug */,
				E5E18D9B28CCF56D0057EB2C /* Release */,
			);
			defaultConfigurationIsVisible = 0;
			defaultConfigurationName = Release;
		};
		E5E18D9C28CCF56D0057EB2C /* Build configuration list for PBXNativeTarget "Timetable" */ = {
			isa = XCConfigurationList;
			buildConfigurations = (
				E5E18D9D28CCF56D0057EB2C /* Debug */,
				E5E18D9E28CCF56D0057EB2C /* Release */,
			);
			defaultConfigurationIsVisible = 0;
			defaultConfigurationName = Release;
		};
/* End XCConfigurationList section */

/* Begin XCRemoteSwiftPackageReference section */
		E56BE76228CD1F3F007FE14E /* XCRemoteSwiftPackageReference "SnapKit" */ = {
			isa = XCRemoteSwiftPackageReference;
			repositoryURL = "https://github.com/SnapKit/SnapKit.git";
			requirement = {
				kind = upToNextMajorVersion;
				minimumVersion = 5.0.0;
			};
		};
		E56BE76528CD1FA3007FE14E /* XCRemoteSwiftPackageReference "SwiftSoup" */ = {
			isa = XCRemoteSwiftPackageReference;
			repositoryURL = "https://github.com/scinfu/SwiftSoup.git";
			requirement = {
				kind = upToNextMajorVersion;
				minimumVersion = 2.0.0;
			};
		};
		E56BE76828CD208D007FE14E /* XCRemoteSwiftPackageReference "promises" */ = {
			isa = XCRemoteSwiftPackageReference;
			repositoryURL = "https://github.com/google/promises.git";
			requirement = {
				kind = upToNextMajorVersion;
				minimumVersion = 2.0.0;
			};
		};
		E56BE76B28CDEC9B007FE14E /* XCRemoteSwiftPackageReference "URLRequestBuilder" */ = {
			isa = XCRemoteSwiftPackageReference;
			repositoryURL = "https://github.com/ParableHealth/URLRequestBuilder.git";
			requirement = {
				kind = upToNextMajorVersion;
				minimumVersion = 0.0.1;
			};
		};
		E56BE77328CE0A54007FE14E /* XCRemoteSwiftPackageReference "netfox" */ = {
			isa = XCRemoteSwiftPackageReference;
			repositoryURL = "https://github.com/kasketis/netfox";
			requirement = {
				kind = upToNextMajorVersion;
				minimumVersion = 1.0.0;
			};
		};
/* End XCRemoteSwiftPackageReference section */

/* Begin XCSwiftPackageProductDependency section */
		E56BE76328CD1F3F007FE14E /* SnapKit */ = {
			isa = XCSwiftPackageProductDependency;
			package = E56BE76228CD1F3F007FE14E /* XCRemoteSwiftPackageReference "SnapKit" */;
			productName = SnapKit;
		};
		E56BE76628CD1FA3007FE14E /* SwiftSoup */ = {
			isa = XCSwiftPackageProductDependency;
			package = E56BE76528CD1FA3007FE14E /* XCRemoteSwiftPackageReference "SwiftSoup" */;
			productName = SwiftSoup;
		};
		E56BE76928CD208D007FE14E /* Promises */ = {
			isa = XCSwiftPackageProductDependency;
			package = E56BE76828CD208D007FE14E /* XCRemoteSwiftPackageReference "promises" */;
			productName = Promises;
		};
		E56BE76C28CDEC9B007FE14E /* URLRequestBuilder */ = {
			isa = XCSwiftPackageProductDependency;
			package = E56BE76B28CDEC9B007FE14E /* XCRemoteSwiftPackageReference "URLRequestBuilder" */;
			productName = URLRequestBuilder;
		};
		E56BE77428CE0A54007FE14E /* netfox */ = {
			isa = XCSwiftPackageProductDependency;
			package = E56BE77328CE0A54007FE14E /* XCRemoteSwiftPackageReference "netfox" */;
			productName = netfox;
		};
/* End XCSwiftPackageProductDependency section */
	};
	rootObject = E5E18D8028CCF56C0057EB2C /* Project object */;
}
